
Microsoft Visual Studio Solution File, Format Version 12.00
# Visual Studio Version 17
VisualStudioVersion = 17.6.33829.357
MinimumVisualStudioVersion = 10.0.40219.1
Project("{FAE04EC0-301F-11D3-BF4B-00C04F79EFBC}") = "Icnea", "Icnea\Icnea.csproj", "{16F3BCCE-429A-4EB7-9A69-71B41464A88B}"
EndProject
Global
	GlobalSection(SolutionConfigurationPlatforms) = preSolution
		Debug|Any CPU = Debug|Any CPU
		Release|Any CPU = Release|Any CPU
	EndGlobalSection
	GlobalSection(ProjectConfigurationPlatforms) = postSolution
		{16F3BCCE-429A-4EB7-9A69-71B41464A88B}.Debug|Any CPU.ActiveCfg = Debug|Any CPU
		{16F3BCCE-429A-4EB7-9A69-71B41464A88B}.Debug|Any CPU.Build.0 = Debug|Any CPU
		{16F3BCCE-429A-4EB7-9A69-71B41464A88B}.Release|Any CPU.ActiveCfg = Release|Any CPU
		{16F3BCCE-429A-4EB7-9A69-71B41464A88B}.Release|Any CPU.Build.0 = Release|Any CPU
	EndGlobalSection
	GlobalSection(SolutionProperties) = preSolution
		HideSolutionNode = FALSE
	EndGlobalSection
	GlobalSection(ExtensibilityGlobals) = postSolution
		SolutionGuid = {6157B1D1-4CA0-4465-AD62-D7AF23B21432}
	EndGlobalSection
EndGlobal
